// !$*UTF8*$!
{
	archiveVersion = 1;
	classes = {
	};
	objectVersion = 50;
	objects = {

/* Begin PBXBuildFile section */
		FA6C2F9A24D049FD001EC9D3 /* AppDelegate.swift in Sources */ = {isa = PBXBuildFile; fileRef = FA6C2F9924D049FD001EC9D3 /* AppDelegate.swift */; };
		FA6C2F9C24D049FD001EC9D3 /* SceneDelegate.swift in Sources */ = {isa = PBXBuildFile; fileRef = FA6C2F9B24D049FD001EC9D3 /* SceneDelegate.swift */; };
		FA6C2F9E24D049FD001EC9D3 /* ViewController.swift in Sources */ = {isa = PBXBuildFile; fileRef = FA6C2F9D24D049FD001EC9D3 /* ViewController.swift */; };
		FA6C2FA124D049FD001EC9D3 /* Main.storyboard in Resources */ = {isa = PBXBuildFile; fileRef = FA6C2F9F24D049FD001EC9D3 /* Main.storyboard */; };
		FA6C2FA424D049FD001EC9D3 /* LyftClone.xcdatamodeld in Sources */ = {isa = PBXBuildFile; fileRef = FA6C2FA224D049FD001EC9D3 /* LyftClone.xcdatamodeld */; };
		FA6C2FA624D04A01001EC9D3 /* Assets.xcassets in Resources */ = {isa = PBXBuildFile; fileRef = FA6C2FA524D04A01001EC9D3 /* Assets.xcassets */; };
		FA6C2FA924D04A01001EC9D3 /* LaunchScreen.storyboard in Resources */ = {isa = PBXBuildFile; fileRef = FA6C2FA724D04A01001EC9D3 /* LaunchScreen.storyboard */; };
		FA6C2FB424D04A01001EC9D3 /* LyftCloneTests.swift in Sources */ = {isa = PBXBuildFile; fileRef = FA6C2FB324D04A01001EC9D3 /* LyftCloneTests.swift */; };
		FA6C2FBF24D04A01001EC9D3 /* LyftCloneUITests.swift in Sources */ = {isa = PBXBuildFile; fileRef = FA6C2FBE24D04A01001EC9D3 /* LyftCloneUITests.swift */; };
/* End PBXBuildFile section */

/* Begin PBXContainerItemProxy section */
		FA6C2FB024D04A01001EC9D3 /* PBXContainerItemProxy */ = {
			isa = PBXContainerItemProxy;
			containerPortal = FA6C2F8E24D049FD001EC9D3 /* Project object */;
			proxyType = 1;
			remoteGlobalIDString = FA6C2F9524D049FD001EC9D3;
			remoteInfo = LyftClone;
		};
		FA6C2FBB24D04A01001EC9D3 /* PBXContainerItemProxy */ = {
			isa = PBXContainerItemProxy;
			containerPortal = FA6C2F8E24D049FD001EC9D3 /* Project object */;
			proxyType = 1;
			remoteGlobalIDString = FA6C2F9524D049FD001EC9D3;
			remoteInfo = LyftClone;
		};
/* End PBXContainerItemProxy section */

/* Begin PBXFileReference section */
		FA6C2F9624D049FD001EC9D3 /* LyftClone.app */ = {isa = PBXFileReference; explicitFileType = wrapper.application; includeInIndex = 0; path = LyftClone.app; sourceTree = BUILT_PRODUCTS_DIR; };
		FA6C2F9924D049FD001EC9D3 /* AppDelegate.swift */ = {isa = PBXFileReference; lastKnownFileType = sourcecode.swift; path = AppDelegate.swift; sourceTree = "<group>"; };
		FA6C2F9B24D049FD001EC9D3 /* SceneDelegate.swift */ = {isa = PBXFileReference; lastKnownFileType = sourcecode.swift; path = SceneDelegate.swift; sourceTree = "<group>"; };
		FA6C2F9D24D049FD001EC9D3 /* ViewController.swift */ = {isa = PBXFileReference; lastKnownFileType = sourcecode.swift; path = ViewController.swift; sourceTree = "<group>"; };
		FA6C2FA024D049FD001EC9D3 /* Base */ = {isa = PBXFileReference; lastKnownFileType = file.storyboard; name = Base; path = Base.lproj/Main.storyboard; sourceTree = "<group>"; };
		FA6C2FA324D049FD001EC9D3 /* LyftClone.xcdatamodel */ = {isa = PBXFileReference; lastKnownFileType = wrapper.xcdatamodel; path = LyftClone.xcdatamodel; sourceTree = "<group>"; };
		FA6C2FA524D04A01001EC9D3 /* Assets.xcassets */ = {isa = PBXFileReference; lastKnownFileType = folder.assetcatalog; path = Assets.xcassets; sourceTree = "<group>"; };
		FA6C2FA824D04A01001EC9D3 /* Base */ = {isa = PBXFileReference; lastKnownFileType = file.storyboard; name = Base; path = Base.lproj/LaunchScreen.storyboard; sourceTree = "<group>"; };
		FA6C2FAA24D04A01001EC9D3 /* Info.plist */ = {isa = PBXFileReference; lastKnownFileType = text.plist.xml; path = Info.plist; sourceTree = "<group>"; };
		FA6C2FAF24D04A01001EC9D3 /* LyftCloneTests.xctest */ = {isa = PBXFileReference; explicitFileType = wrapper.cfbundle; includeInIndex = 0; path = LyftCloneTests.xctest; sourceTree = BUILT_PRODUCTS_DIR; };
		FA6C2FB324D04A01001EC9D3 /* LyftCloneTests.swift */ = {isa = PBXFileReference; lastKnownFileType = sourcecode.swift; path = LyftCloneTests.swift; sourceTree = "<group>"; };
		FA6C2FB524D04A01001EC9D3 /* Info.plist */ = {isa = PBXFileReference; lastKnownFileType = text.plist.xml; path = Info.plist; sourceTree = "<group>"; };
		FA6C2FBA24D04A01001EC9D3 /* LyftCloneUITests.xctest */ = {isa = PBXFileReference; explicitFileType = wrapper.cfbundle; includeInIndex = 0; path = LyftCloneUITests.xctest; sourceTree = BUILT_PRODUCTS_DIR; };
		FA6C2FBE24D04A01001EC9D3 /* LyftCloneUITests.swift */ = {isa = PBXFileReference; lastKnownFileType = sourcecode.swift; path = LyftCloneUITests.swift; sourceTree = "<group>"; };
		FA6C2FC024D04A01001EC9D3 /* Info.plist */ = {isa = PBXFileReference; lastKnownFileType = text.plist.xml; path = Info.plist; sourceTree = "<group>"; };
/* End PBXFileReference section */

/* Begin PBXFrameworksBuildPhase section */
		FA6C2F9324D049FD001EC9D3 /* Frameworks */ = {
			isa = PBXFrameworksBuildPhase;
			buildActionMask = 2147483647;
			files = (
			);
			runOnlyForDeploymentPostprocessing = 0;
		};
		FA6C2FAC24D04A01001EC9D3 /* Frameworks */ = {
			isa = PBXFrameworksBuildPhase;
			buildActionMask = 2147483647;
			files = (
			);
			runOnlyForDeploymentPostprocessing = 0;
		};
		FA6C2FB724D04A01001EC9D3 /* Frameworks */ = {
			isa = PBXFrameworksBuildPhase;
			buildActionMask = 2147483647;
			files = (
			);
			runOnlyForDeploymentPostprocessing = 0;
		};
/* End PBXFrameworksBuildPhase section */

/* Begin PBXGroup section */
		FA3311AB24D2AE770095F454 /* Model */ = {
			isa = PBXGroup;
			children = (
			);
			path = Model;
			sourceTree = "<group>";
		};
		FA3311AC24D2AE870095F454 /* View */ = {
			isa = PBXGroup;
			children = (
				FA6C2FA724D04A01001EC9D3 /* LaunchScreen.storyboard */,
				FA6C2F9F24D049FD001EC9D3 /* Main.storyboard */,
			);
			path = View;
			sourceTree = "<group>";
		};
		FA3311AD24D2AEA90095F454 /* Controller */ = {
			isa = PBXGroup;
			children = (
				FA6C2F9D24D049FD001EC9D3 /* ViewController.swift */,
			);
			path = Controller;
			sourceTree = "<group>";
		};
		FA3311AE24D2AEB30095F454 /* Supporting Files */ = {
			isa = PBXGroup;
			children = (
				FA6C2F9924D049FD001EC9D3 /* AppDelegate.swift */,
				FA6C2F9B24D049FD001EC9D3 /* SceneDelegate.swift */,
			);
			name = "Supporting Files";
			sourceTree = "<group>";
		};
		FA6C2F8D24D049FD001EC9D3 = {
			isa = PBXGroup;
			children = (
				FA6C2F9824D049FD001EC9D3 /* LyftClone */,
				FA6C2FB224D04A01001EC9D3 /* LyftCloneTests */,
				FA6C2FBD24D04A01001EC9D3 /* LyftCloneUITests */,
				FA6C2F9724D049FD001EC9D3 /* Products */,
			);
			sourceTree = "<group>";
		};
		FA6C2F9724D049FD001EC9D3 /* Products */ = {
			isa = PBXGroup;
			children = (
				FA6C2F9624D049FD001EC9D3 /* LyftClone.app */,
				FA6C2FAF24D04A01001EC9D3 /* LyftCloneTests.xctest */,
				FA6C2FBA24D04A01001EC9D3 /* LyftCloneUITests.xctest */,
			);
			name = Products;
			sourceTree = "<group>";
		};
		FA6C2F9824D049FD001EC9D3 /* LyftClone */ = {
			isa = PBXGroup;
			children = (
				FA3311AB24D2AE770095F454 /* Model */,
				FA3311AD24D2AEA90095F454 /* Controller */,
				FA3311AC24D2AE870095F454 /* View */,
				FA3311AE24D2AEB30095F454 /* Supporting Files */,
				FA6C2FA524D04A01001EC9D3 /* Assets.xcassets */,
				FA6C2FAA24D04A01001EC9D3 /* Info.plist */,
				FA6C2FA224D049FD001EC9D3 /* LyftClone.xcdatamodeld */,
			);
			path = LyftClone;
			sourceTree = "<group>";
		};
		FA6C2FB224D04A01001EC9D3 /* LyftCloneTests */ = {
			isa = PBXGroup;
			children = (
				FA6C2FB324D04A01001EC9D3 /* LyftCloneTests.swift */,
				FA6C2FB524D04A01001EC9D3 /* Info.plist */,
			);
			path = LyftCloneTests;
			sourceTree = "<group>";
		};
		FA6C2FBD24D04A01001EC9D3 /* LyftCloneUITests */ = {
			isa = PBXGroup;
			children = (
				FA6C2FBE24D04A01001EC9D3 /* LyftCloneUITests.swift */,
				FA6C2FC024D04A01001EC9D3 /* Info.plist */,
			);
			path = LyftCloneUITests;
			sourceTree = "<group>";
		};
/* End PBXGroup section */

/* Begin PBXNativeTarget section */
		FA6C2F9524D049FD001EC9D3 /* LyftClone */ = {
			isa = PBXNativeTarget;
			buildConfigurationList = FA6C2FC324D04A01001EC9D3 /* Build configuration list for PBXNativeTarget "LyftClone" */;
			buildPhases = (
				FA6C2F9224D049FD001EC9D3 /* Sources */,
				FA6C2F9324D049FD001EC9D3 /* Frameworks */,
				FA6C2F9424D049FD001EC9D3 /* Resources */,
			);
			buildRules = (
			);
			dependencies = (
			);
			name = LyftClone;
			productName = LyftClone;
			productReference = FA6C2F9624D049FD001EC9D3 /* LyftClone.app */;
			productType = "com.apple.product-type.application";
		};
		FA6C2FAE24D04A01001EC9D3 /* LyftCloneTests */ = {
			isa = PBXNativeTarget;
			buildConfigurationList = FA6C2FC624D04A01001EC9D3 /* Build configuration list for PBXNativeTarget "LyftCloneTests" */;
			buildPhases = (
				FA6C2FAB24D04A01001EC9D3 /* Sources */,
				FA6C2FAC24D04A01001EC9D3 /* Frameworks */,
				FA6C2FAD24D04A01001EC9D3 /* Resources */,
			);
			buildRules = (
			);
			dependencies = (
				FA6C2FB124D04A01001EC9D3 /* PBXTargetDependency */,
			);
			name = LyftCloneTests;
			productName = LyftCloneTests;
			productReference = FA6C2FAF24D04A01001EC9D3 /* LyftCloneTests.xctest */;
			productType = "com.apple.product-type.bundle.unit-test";
		};
		FA6C2FB924D04A01001EC9D3 /* LyftCloneUITests */ = {
			isa = PBXNativeTarget;
			buildConfigurationList = FA6C2FC924D04A01001EC9D3 /* Build configuration list for PBXNativeTarget "LyftCloneUITests" */;
			buildPhases = (
				FA6C2FB624D04A01001EC9D3 /* Sources */,
				FA6C2FB724D04A01001EC9D3 /* Frameworks */,
				FA6C2FB824D04A01001EC9D3 /* Resources */,
			);
			buildRules = (
			);
			dependencies = (
				FA6C2FBC24D04A01001EC9D3 /* PBXTargetDependency */,
			);
			name = LyftCloneUITests;
			productName = LyftCloneUITests;
			productReference = FA6C2FBA24D04A01001EC9D3 /* LyftCloneUITests.xctest */;
			productType = "com.apple.product-type.bundle.ui-testing";
		};
/* End PBXNativeTarget section */

/* Begin PBXProject section */
		FA6C2F8E24D049FD001EC9D3 /* Project object */ = {
			isa = PBXProject;
			attributes = {
				LastSwiftUpdateCheck = 1100;
				LastUpgradeCheck = 1100;
				ORGANIZATIONNAME = MacBook;
				TargetAttributes = {
					FA6C2F9524D049FD001EC9D3 = {
						CreatedOnToolsVersion = 11.0;
					};
					FA6C2FAE24D04A01001EC9D3 = {
						CreatedOnToolsVersion = 11.0;
						TestTargetID = FA6C2F9524D049FD001EC9D3;
					};
					FA6C2FB924D04A01001EC9D3 = {
						CreatedOnToolsVersion = 11.0;
						TestTargetID = FA6C2F9524D049FD001EC9D3;
					};
				};
			};
			buildConfigurationList = FA6C2F9124D049FD001EC9D3 /* Build configuration list for PBXProject "LyftClone" */;
			compatibilityVersion = "Xcode 9.3";
			developmentRegion = en;
			hasScannedForEncodings = 0;
			knownRegions = (
				en,
				Base,
			);
			mainGroup = FA6C2F8D24D049FD001EC9D3;
			productRefGroup = FA6C2F9724D049FD001EC9D3 /* Products */;
			projectDirPath = "";
			projectRoot = "";
			targets = (
				FA6C2F9524D049FD001EC9D3 /* LyftClone */,
				FA6C2FAE24D04A01001EC9D3 /* LyftCloneTests */,
				FA6C2FB924D04A01001EC9D3 /* LyftCloneUITests */,
			);
		};
/* End PBXProject section */

/* Begin PBXResourcesBuildPhase section */
		FA6C2F9424D049FD001EC9D3 /* Resources */ = {
			isa = PBXResourcesBuildPhase;
			buildActionMask = 2147483647;
			files = (
				FA6C2FA924D04A01001EC9D3 /* LaunchScreen.storyboard in Resources */,
				FA6C2FA624D04A01001EC9D3 /* Assets.xcassets in Resources */,
				FA6C2FA124D049FD001EC9D3 /* Main.storyboard in Resources */,
			);
			runOnlyForDeploymentPostprocessing = 0;
		};
		FA6C2FAD24D04A01001EC9D3 /* Resources */ = {
			isa = PBXResourcesBuildPhase;
			buildActionMask = 2147483647;
			files = (
			);
			runOnlyForDeploymentPostprocessing = 0;
		};
		FA6C2FB824D04A01001EC9D3 /* Resources */ = {
			isa = PBXResourcesBuildPhase;
			buildActionMask = 2147483647;
			files = (
			);
			runOnlyForDeploymentPostprocessing = 0;
		};
/* End PBXResourcesBuildPhase section */

/* Begin PBXSourcesBuildPhase section */
		FA6C2F9224D049FD001EC9D3 /* Sources */ = {
			isa = PBXSourcesBuildPhase;
			buildActionMask = 2147483647;
			files = (
				FA6C2F9E24D049FD001EC9D3 /* ViewController.swift in Sources */,
				FA6C2F9A24D049FD001EC9D3 /* AppDelegate.swift in Sources */,
				FA6C2FA424D049FD001EC9D3 /* LyftClone.xcdatamodeld in Sources */,
				FA6C2F9C24D049FD001EC9D3 /* SceneDelegate.swift in Sources */,
			);
			runOnlyForDeploymentPostprocessing = 0;
		};
		FA6C2FAB24D04A01001EC9D3 /* Sources */ = {
			isa = PBXSourcesBuildPhase;
			buildActionMask = 2147483647;
			files = (
				FA6C2FB424D04A01001EC9D3 /* LyftCloneTests.swift in Sources */,
			);
			runOnlyForDeploymentPostprocessing = 0;
		};
		FA6C2FB624D04A01001EC9D3 /* Sources */ = {
			isa = PBXSourcesBuildPhase;
			buildActionMask = 2147483647;
			files = (
				FA6C2FBF24D04A01001EC9D3 /* LyftCloneUITests.swift in Sources */,
			);
			runOnlyForDeploymentPostprocessing = 0;
		};
/* End PBXSourcesBuildPhase section */

/* Begin PBXTargetDependency section */
		FA6C2FB124D04A01001EC9D3 /* PBXTargetDependency */ = {
			isa = PBXTargetDependency;
			target = FA6C2F9524D049FD001EC9D3 /* LyftClone */;
			targetProxy = FA6C2FB024D04A01001EC9D3 /* PBXContainerItemProxy */;
		};
		FA6C2FBC24D04A01001EC9D3 /* PBXTargetDependency */ = {
			isa = PBXTargetDependency;
			target = FA6C2F9524D049FD001EC9D3 /* LyftClone */;
			targetProxy = FA6C2FBB24D04A01001EC9D3 /* PBXContainerItemProxy */;
		};
/* End PBXTargetDependency section */

/* Begin PBXVariantGroup section */
		FA6C2F9F24D049FD001EC9D3 /* Main.storyboard */ = {
			isa = PBXVariantGroup;
			children = (
				FA6C2FA024D049FD001EC9D3 /* Base */,
			);
			name = Main.storyboard;
			sourceTree = "<group>";
		};
		FA6C2FA724D04A01001EC9D3 /* LaunchScreen.storyboard */ = {
			isa = PBXVariantGroup;
			children = (
				FA6C2FA824D04A01001EC9D3 /* Base */,
			);
			name = LaunchScreen.storyboard;
			sourceTree = "<group>";
		};
/* End PBXVariantGroup section */

/* Begin XCBuildConfiguration section */
		FA6C2FC124D04A01001EC9D3 /* Debug */ = {
			isa = XCBuildConfiguration;
			buildSettings = {
				ALWAYS_SEARCH_USER_PATHS = NO;
				CLANG_ANALYZER_NONNULL = YES;
				CLANG_ANALYZER_NUMBER_OBJECT_CONVERSION = YES_AGGRESSIVE;
				CLANG_CXX_LANGUAGE_STANDARD = "gnu++14";
				CLANG_CXX_LIBRARY = "libc++";
				CLANG_ENABLE_MODULES = YES;
				CLANG_ENABLE_OBJC_ARC = YES;
				CLANG_ENABLE_OBJC_WEAK = YES;
				CLANG_WARN_BLOCK_CAPTURE_AUTORELEASING = YES;
				CLANG_WARN_BOOL_CONVERSION = YES;
				CLANG_WARN_COMMA = YES;
				CLANG_WARN_CONSTANT_CONVERSION = YES;
				CLANG_WARN_DEPRECATED_OBJC_IMPLEMENTATIONS = YES;
				CLANG_WARN_DIRECT_OBJC_ISA_USAGE = YES_ERROR;
				CLANG_WARN_DOCUMENTATION_COMMENTS = YES;
				CLANG_WARN_EMPTY_BODY = YES;
				CLANG_WARN_ENUM_CONVERSION = YES;
				CLANG_WARN_INFINITE_RECURSION = YES;
				CLANG_WARN_INT_CONVERSION = YES;
				CLANG_WARN_NON_LITERAL_NULL_CONVERSION = YES;
				CLANG_WARN_OBJC_IMPLICIT_RETAIN_SELF = YES;
				CLANG_WARN_OBJC_LITERAL_CONVERSION = YES;
				CLANG_WARN_OBJC_ROOT_CLASS = YES_ERROR;
				CLANG_WARN_RANGE_LOOP_ANALYSIS = YES;
				CLANG_WARN_STRICT_PROTOTYPES = YES;
				CLANG_WARN_SUSPICIOUS_MOVE = YES;
				CLANG_WARN_UNGUARDED_AVAILABILITY = YES_AGGRESSIVE;
				CLANG_WARN_UNREACHABLE_CODE = YES;
				CLANG_WARN__DUPLICATE_METHOD_MATCH = YES;
				COPY_PHASE_STRIP = NO;
				DEBUG_INFORMATION_FORMAT = dwarf;
				ENABLE_STRICT_OBJC_MSGSEND = YES;
				ENABLE_TESTABILITY = YES;
				GCC_C_LANGUAGE_STANDARD = gnu11;
				GCC_DYNAMIC_NO_PIC = NO;
				GCC_NO_COMMON_BLOCKS = YES;
				GCC_OPTIMIZATION_LEVEL = 0;
				GCC_PREPROCESSOR_DEFINITIONS = (
					"DEBUG=1",
					"$(inherited)",
				);
				GCC_WARN_64_TO_32_BIT_CONVERSION = YES;
				GCC_WARN_ABOUT_RETURN_TYPE = YES_ERROR;
				GCC_WARN_UNDECLARED_SELECTOR = YES;
				GCC_WARN_UNINITIALIZED_AUTOS = YES_AGGRESSIVE;
				GCC_WARN_UNUSED_FUNCTION = YES;
				GCC_WARN_UNUSED_VARIABLE = YES;
				IPHONEOS_DEPLOYMENT_TARGET = 13.0;
				MTL_ENABLE_DEBUG_INFO = INCLUDE_SOURCE;
				MTL_FAST_MATH = YES;
				ONLY_ACTIVE_ARCH = YES;
				SDKROOT = iphoneos;
				SWIFT_ACTIVE_COMPILATION_CONDITIONS = DEBUG;
				SWIFT_OPTIMIZATION_LEVEL = "-Onone";
			};
			name = Debug;
		};
		FA6C2FC224D04A01001EC9D3 /* Release */ = {
			isa = XCBuildConfiguration;
			buildSettings = {
				ALWAYS_SEARCH_USER_PATHS = NO;
				CLANG_ANALYZER_NONNULL = YES;
				CLANG_ANALYZER_NUMBER_OBJECT_CONVERSION = YES_AGGRESSIVE;
				CLANG_CXX_LANGUAGE_STANDARD = "gnu++14";
				CLANG_CXX_LIBRARY = "libc++";
				CLANG_ENABLE_MODULES = YES;
				CLANG_ENABLE_OBJC_ARC = YES;
				CLANG_ENABLE_OBJC_WEAK = YES;
				CLANG_WARN_BLOCK_CAPTURE_AUTORELEASING = YES;
				CLANG_WARN_BOOL_CONVERSION = YES;
				CLANG_WARN_COMMA = YES;
				CLANG_WARN_CONSTANT_CONVERSION = YES;
				CLANG_WARN_DEPRECATED_OBJC_IMPLEMENTATIONS = YES;
				CLANG_WARN_DIRECT_OBJC_ISA_USAGE = YES_ERROR;
				CLANG_WARN_DOCUMENTATION_COMMENTS = YES;
				CLANG_WARN_EMPTY_BODY = YES;
				CLANG_WARN_ENUM_CONVERSION = YES;
				CLANG_WARN_INFINITE_RECURSION = YES;
				CLANG_WARN_INT_CONVERSION = YES;
				CLANG_WARN_NON_LITERAL_NULL_CONVERSION = YES;
				CLANG_WARN_OBJC_IMPLICIT_RETAIN_SELF = YES;
				CLANG_WARN_OBJC_LITERAL_CONVERSION = YES;
				CLANG_WARN_OBJC_ROOT_CLASS = YES_ERROR;
				CLANG_WARN_RANGE_LOOP_ANALYSIS = YES;
				CLANG_WARN_STRICT_PROTOTYPES = YES;
				CLANG_WARN_SUSPICIOUS_MOVE = YES;
				CLANG_WARN_UNGUARDED_AVAILABILITY = YES_AGGRESSIVE;
				CLANG_WARN_UNREACHABLE_CODE = YES;
				CLANG_WARN__DUPLICATE_METHOD_MATCH = YES;
				COPY_PHASE_STRIP = NO;
				DEBUG_INFORMATION_FORMAT = "dwarf-with-dsym";
				ENABLE_NS_ASSERTIONS = NO;
				ENABLE_STRICT_OBJC_MSGSEND = YES;
				GCC_C_LANGUAGE_STANDARD = gnu11;
				GCC_NO_COMMON_BLOCKS = YES;
				GCC_WARN_64_TO_32_BIT_CONVERSION = YES;
				GCC_WARN_ABOUT_RETURN_TYPE = YES_ERROR;
				GCC_WARN_UNDECLARED_SELECTOR = YES;
				GCC_WARN_UNINITIALIZED_AUTOS = YES_AGGRESSIVE;
				GCC_WARN_UNUSED_FUNCTION = YES;
				GCC_WARN_UNUSED_VARIABLE = YES;
				IPHONEOS_DEPLOYMENT_TARGET = 13.0;
				MTL_ENABLE_DEBUG_INFO = NO;
				MTL_FAST_MATH = YES;
				SDKROOT = iphoneos;
				SWIFT_COMPILATION_MODE = wholemodule;
				SWIFT_OPTIMIZATION_LEVEL = "-O";
				VALIDATE_PRODUCT = YES;
			};
			name = Release;
		};
		FA6C2FC424D04A01001EC9D3 /* Debug */ = {
			isa = XCBuildConfiguration;
			buildSettings = {
				ASSETCATALOG_COMPILER_APPICON_NAME = AppIcon;
				CODE_SIGN_STYLE = Automatic;
				INFOPLIST_FILE = LyftClone/Info.plist;
				LD_RUNPATH_SEARCH_PATHS = (
					"$(inherited)",
					"@executable_path/Frameworks",
				);
				PRODUCT_BUNDLE_IDENTIFIER = com.talentnest.LyftClone;
				PRODUCT_NAME = "$(TARGET_NAME)";
				SWIFT_VERSION = 5.0;
				TARGETED_DEVICE_FAMILY = "1,2";
			};
			name = Debug;
		};
		FA6C2FC524D04A01001EC9D3 /* Release */ = {
			isa = XCBuildConfiguration;
			buildSettings = {
				ASSETCATALOG_COMPILER_APPICON_NAME = AppIcon;
				CODE_SIGN_STYLE = Automatic;
				INFOPLIST_FILE = LyftClone/Info.plist;
				LD_RUNPATH_SEARCH_PATHS = (
					"$(inherited)",
					"@executable_path/Frameworks",
				);
				PRODUCT_BUNDLE_IDENTIFIER = com.talentnest.LyftClone;
				PRODUCT_NAME = "$(TARGET_NAME)";
				SWIFT_VERSION = 5.0;
				TARGETED_DEVICE_FAMILY = "1,2";
			};
			name = Release;
		};
		FA6C2FC724D04A01001EC9D3 /* Debug */ = {
			isa = XCBuildConfiguration;
			buildSettings = {
				ALWAYS_EMBED_SWIFT_STANDARD_LIBRARIES = YES;
				BUNDLE_LOADER = "$(TEST_HOST)";
				CODE_SIGN_STYLE = Automatic;
				INFOPLIST_FILE = LyftCloneTests/Info.plist;
				IPHONEOS_DEPLOYMENT_TARGET = 13.0;
				LD_RUNPATH_SEARCH_PATHS = (
					"$(inherited)",
					"@executable_path/Frameworks",
					"@loader_path/Frameworks",
				);
				PRODUCT_BUNDLE_IDENTIFIER = com.talentnest.LyftCloneTests;
				PRODUCT_NAME = "$(TARGET_NAME)";
				SWIFT_VERSION = 5.0;
				TARGETED_DEVICE_FAMILY = "1,2";
				TEST_HOST = "$(BUILT_PRODUCTS_DIR)/LyftClone.app/LyftClone";
			};
			name = Debug;
		};
		FA6C2FC824D04A01001EC9D3 /* Release */ = {
			isa = XCBuildConfiguration;
			buildSettings = {
				ALWAYS_EMBED_SWIFT_STANDARD_LIBRARIES = YES;
				BUNDLE_LOADER = "$(TEST_HOST)";
				CODE_SIGN_STYLE = Automatic;
				INFOPLIST_FILE = LyftCloneTests/Info.plist;
				IPHONEOS_DEPLOYMENT_TARGET = 13.0;
				LD_RUNPATH_SEARCH_PATHS = (
					"$(inherited)",
					"@executable_path/Frameworks",
					"@loader_path/Frameworks",
				);
				PRODUCT_BUNDLE_IDENTIFIER = com.talentnest.LyftCloneTests;
				PRODUCT_NAME = "$(TARGET_NAME)";
				SWIFT_VERSION = 5.0;
				TARGETED_DEVICE_FAMILY = "1,2";
				TEST_HOST = "$(BUILT_PRODUCTS_DIR)/LyftClone.app/LyftClone";
			};
			name = Release;
		};
		FA6C2FCA24D04A01001EC9D3 /* Debug */ = {
			isa = XCBuildConfiguration;
			buildSettings = {
				ALWAYS_EMBED_SWIFT_STANDARD_LIBRARIES = YES;
				CODE_SIGN_STYLE = Automatic;
				INFOPLIST_FILE = LyftCloneUITests/Info.plist;
				LD_RUNPATH_SEARCH_PATHS = (
					"$(inherited)",
					"@executable_path/Frameworks",
					"@loader_path/Frameworks",
				);
				PRODUCT_BUNDLE_IDENTIFIER = com.talentnest.LyftCloneUITests;
				PRODUCT_NAME = "$(TARGET_NAME)";
				SWIFT_VERSION = 5.0;
				TARGETED_DEVICE_FAMILY = "1,2";
				TEST_TARGET_NAME = LyftClone;
			};
			name = Debug;
		};
		FA6C2FCB24D04A01001EC9D3 /* Release */ = {
			isa = XCBuildConfiguration;
			buildSettings = {
				ALWAYS_EMBED_SWIFT_STANDARD_LIBRARIES = YES;
				CODE_SIGN_STYLE = Automatic;
				INFOPLIST_FILE = LyftCloneUITests/Info.plist;
				LD_RUNPATH_SEARCH_PATHS = (
					"$(inherited)",
					"@executable_path/Frameworks",
					"@loader_path/Frameworks",
				);
				PRODUCT_BUNDLE_IDENTIFIER = com.talentnest.LyftCloneUITests;
				PRODUCT_NAME = "$(TARGET_NAME)";
				SWIFT_VERSION = 5.0;
				TARGETED_DEVICE_FAMILY = "1,2";
				TEST_TARGET_NAME = LyftClone;
			};
			name = Release;
		};
/* End XCBuildConfiguration section */

/* Begin XCConfigurationList section */
		FA6C2F9124D049FD001EC9D3 /* Build configuration list for PBXProject "LyftClone" */ = {
			isa = XCConfigurationList;
			buildConfigurations = (
				FA6C2FC124D04A01001EC9D3 /* Debug */,
				FA6C2FC224D04A01001EC9D3 /* Release */,
			);
			defaultConfigurationIsVisible = 0;
			defaultConfigurationName = Release;
		};
		FA6C2FC324D04A01001EC9D3 /* Build configuration list for PBXNativeTarget "LyftClone" */ = {
			isa = XCConfigurationList;
			buildConfigurations = (
				FA6C2FC424D04A01001EC9D3 /* Debug */,
				FA6C2FC524D04A01001EC9D3 /* Release */,
			);
			defaultConfigurationIsVisible = 0;
			defaultConfigurationName = Release;
		};
		FA6C2FC624D04A01001EC9D3 /* Build configuration list for PBXNativeTarget "LyftCloneTests" */ = {
			isa = XCConfigurationList;
			buildConfigurations = (
				FA6C2FC724D04A01001EC9D3 /* Debug */,
				FA6C2FC824D04A01001EC9D3 /* Release */,
			);
			defaultConfigurationIsVisible = 0;
			defaultConfigurationName = Release;
		};
		FA6C2FC924D04A01001EC9D3 /* Build configuration list for PBXNativeTarget "LyftCloneUITests" */ = {
			isa = XCConfigurationList;
			buildConfigurations = (
				FA6C2FCA24D04A01001EC9D3 /* Debug */,
				FA6C2FCB24D04A01001EC9D3 /* Release */,
			);
			defaultConfigurationIsVisible = 0;
			defaultConfigurationName = Release;
		};
/* End XCConfigurationList section */

/* Begin XCVersionGroup section */
		FA6C2FA224D049FD001EC9D3 /* LyftClone.xcdatamodeld */ = {
			isa = XCVersionGroup;
			children = (
				FA6C2FA324D049FD001EC9D3 /* LyftClone.xcdatamodel */,
			);
			currentVersion = FA6C2FA324D049FD001EC9D3 /* LyftClone.xcdatamodel */;
			path = LyftClone.xcdatamodeld;
			sourceTree = "<group>";
			versionGroupType = wrapper.xcdatamodel;
		};
/* End XCVersionGroup section */
	};
	rootObject = FA6C2F8E24D049FD001EC9D3 /* Project object */;
}
